
Microsoft Visual Studio Solution File, Format Version 12.00
# Visual Studio Version 17
VisualStudioVersion = 17.1.32328.378
MinimumVisualStudioVersion = 10.0.40219.1
Project("{888888A0-9F3D-457C-B088-3A5042F75D52}") = "Zad_5.9", "Zad_5.9.pyproj", "{03CAF9AE-24F4-4366-AC0A-7ED876B6190D}"
EndProject
Global
	GlobalSection(SolutionConfigurationPlatforms) = preSolution
		Debug|Any CPU = Debug|Any CPU
		Release|Any CPU = Release|Any CPU
	EndGlobalSection
	GlobalSection(ProjectConfigurationPlatforms) = postSolution
		{03CAF9AE-24F4-4366-AC0A-7ED876B6190D}.Debug|Any CPU.ActiveCfg = Debug|Any CPU
		{03CAF9AE-24F4-4366-AC0A-7ED876B6190D}.Release|Any CPU.ActiveCfg = Release|Any CPU
	EndGlobalSection
	GlobalSection(SolutionProperties) = preSolution
		HideSolutionNode = FALSE
	EndGlobalSection
	GlobalSection(ExtensibilityGlobals) = postSolution
		SolutionGuid = {B22A411C-6E20-458A-8E8B-31E6BE163576}
	EndGlobalSection
EndGlobal
